
Microsoft Visual Studio Solution File, Format Version 12.00
# Visual Studio Express 2012 for Windows 8
Project("{FAE04EC0-301F-11D3-BF4B-00C04F79EFBC}") = "KirinW8", "KirinW8\KirinW8.csproj", "{8038A992-F7DC-4771-8B56-5C60DFFCE466}"
EndProject
Project("{FAE04EC0-301F-11D3-BF4B-00C04F79EFBC}") = "KirinW8Test", "KirinW8Test\KirinW8Test.csproj", "{ABEEE9E7-7B22-4101-AC79-D11E4EB698B8}"
EndProject
Global
	GlobalSection(SolutionConfigurationPlatforms) = preSolution
		Debug|Any CPU = Debug|Any CPU
		Debug|ARM = Debug|ARM
		Debug|x64 = Debug|x64
		Debug|x86 = Debug|x86
		Release|Any CPU = Release|Any CPU
		Release|ARM = Release|ARM
		Release|x64 = Release|x64
		Release|x86 = Release|x86
	EndGlobalSection
	GlobalSection(ProjectConfigurationPlatforms) = postSolution
		{8038A992-F7DC-4771-8B56-5C60DFFCE466}.Debug|Any CPU.ActiveCfg = Debug|Any CPU
		{8038A992-F7DC-4771-8B56-5C60DFFCE466}.Debug|Any CPU.Build.0 = Debug|Any CPU
		{8038A992-F7DC-4771-8B56-5C60DFFCE466}.Debug|ARM.ActiveCfg = Debug|ARM
		{8038A992-F7DC-4771-8B56-5C60DFFCE466}.Debug|ARM.Build.0 = Debug|ARM
		{8038A992-F7DC-4771-8B56-5C60DFFCE466}.Debug|x64.ActiveCfg = Debug|x64
		{8038A992-F7DC-4771-8B56-5C60DFFCE466}.Debug|x64.Build.0 = Debug|x64
		{8038A992-F7DC-4771-8B56-5C60DFFCE466}.Debug|x86.ActiveCfg = Debug|x86
		{8038A992-F7DC-4771-8B56-5C60DFFCE466}.Debug|x86.Build.0 = Debug|x86
		{8038A992-F7DC-4771-8B56-5C60DFFCE466}.Release|Any CPU.ActiveCfg = Release|Any CPU
		{8038A992-F7DC-4771-8B56-5C60DFFCE466}.Release|Any CPU.Build.0 = Release|Any CPU
		{8038A992-F7DC-4771-8B56-5C60DFFCE466}.Release|ARM.ActiveCfg = Release|ARM
		{8038A992-F7DC-4771-8B56-5C60DFFCE466}.Release|ARM.Build.0 = Release|ARM
		{8038A992-F7DC-4771-8B56-5C60DFFCE466}.Release|x64.ActiveCfg = Release|x64
		{8038A992-F7DC-4771-8B56-5C60DFFCE466}.Release|x64.Build.0 = Release|x64
		{8038A992-F7DC-4771-8B56-5C60DFFCE466}.Release|x86.ActiveCfg = Release|x86
		{8038A992-F7DC-4771-8B56-5C60DFFCE466}.Release|x86.Build.0 = Release|x86
		{ABEEE9E7-7B22-4101-AC79-D11E4EB698B8}.Debug|Any CPU.ActiveCfg = Debug|Any CPU
		{ABEEE9E7-7B22-4101-AC79-D11E4EB698B8}.Debug|Any CPU.Build.0 = Debug|Any CPU
		{ABEEE9E7-7B22-4101-AC79-D11E4EB698B8}.Debug|Any CPU.Deploy.0 = Debug|Any CPU
		{ABEEE9E7-7B22-4101-AC79-D11E4EB698B8}.Debug|ARM.ActiveCfg = Debug|ARM
		{ABEEE9E7-7B22-4101-AC79-D11E4EB698B8}.Debug|ARM.Build.0 = Debug|ARM
		{ABEEE9E7-7B22-4101-AC79-D11E4EB698B8}.Debug|ARM.Deploy.0 = Debug|ARM
		{ABEEE9E7-7B22-4101-AC79-D11E4EB698B8}.Debug|x64.ActiveCfg = Debug|x64
		{ABEEE9E7-7B22-4101-AC79-D11E4EB698B8}.Debug|x64.Build.0 = Debug|x64
		{ABEEE9E7-7B22-4101-AC79-D11E4EB698B8}.Debug|x64.Deploy.0 = Debug|x64
		{ABEEE9E7-7B22-4101-AC79-D11E4EB698B8}.Debug|x86.ActiveCfg = Debug|x86
		{ABEEE9E7-7B22-4101-AC79-D11E4EB698B8}.Debug|x86.Build.0 = Debug|x86
		{ABEEE9E7-7B22-4101-AC79-D11E4EB698B8}.Debug|x86.Deploy.0 = Debug|x86
		{ABEEE9E7-7B22-4101-AC79-D11E4EB698B8}.Release|Any CPU.ActiveCfg = Release|Any CPU
		{ABEEE9E7-7B22-4101-AC79-D11E4EB698B8}.Release|Any CPU.Build.0 = Release|Any CPU
		{ABEEE9E7-7B22-4101-AC79-D11E4EB698B8}.Release|Any CPU.Deploy.0 = Release|Any CPU
		{ABEEE9E7-7B22-4101-AC79-D11E4EB698B8}.Release|ARM.ActiveCfg = Release|ARM
		{ABEEE9E7-7B22-4101-AC79-D11E4EB698B8}.Release|ARM.Build.0 = Release|ARM
		{ABEEE9E7-7B22-4101-AC79-D11E4EB698B8}.Release|ARM.Deploy.0 = Release|ARM
		{ABEEE9E7-7B22-4101-AC79-D11E4EB698B8}.Release|x64.ActiveCfg = Release|x64
		{ABEEE9E7-7B22-4101-AC79-D11E4EB698B8}.Release|x64.Build.0 = Release|x64
		{ABEEE9E7-7B22-4101-AC79-D11E4EB698B8}.Release|x64.Deploy.0 = Release|x64
		{ABEEE9E7-7B22-4101-AC79-D11E4EB698B8}.Release|x86.ActiveCfg = Release|x86
		{ABEEE9E7-7B22-4101-AC79-D11E4EB698B8}.Release|x86.Build.0 = Release|x86
		{ABEEE9E7-7B22-4101-AC79-D11E4EB698B8}.Release|x86.Deploy.0 = Release|x86
	EndGlobalSection
	GlobalSection(SolutionProperties) = preSolution
		HideSolutionNode = FALSE
	EndGlobalSection
EndGlobal
